
Microsoft Visual Studio Solution File, Format Version 12.00
# Visual Studio Version 17
VisualStudioVersion = 17.14.36414.22 d17.14
MinimumVisualStudioVersion = 10.0.40219.1
Project("{FAE04EC0-301F-11D3-BF4B-00C04F79EFBC}") = "gn-core-entities", "gn-core-entities\gn-core-entities.csproj", "{570C546B-2B22-4448-BB54-D9D09A679A01}"
EndProject
Global
	GlobalSection(SolutionConfigurationPlatforms) = preSolution
		Debug|Any CPU = Debug|Any CPU
		Release|Any CPU = Release|Any CPU
	EndGlobalSection
	GlobalSection(ProjectConfigurationPlatforms) = postSolution
		{570C546B-2B22-4448-BB54-D9D09A679A01}.Debug|Any CPU.ActiveCfg = Debug|Any CPU
		{570C546B-2B22-4448-BB54-D9D09A679A01}.Debug|Any CPU.Build.0 = Debug|Any CPU
		{570C546B-2B22-4448-BB54-D9D09A679A01}.Release|Any CPU.ActiveCfg = Release|Any CPU
		{570C546B-2B22-4448-BB54-D9D09A679A01}.Release|Any CPU.Build.0 = Release|Any CPU
	EndGlobalSection
	GlobalSection(SolutionProperties) = preSolution
		HideSolutionNode = FALSE
	EndGlobalSection
	GlobalSection(ExtensibilityGlobals) = postSolution
		SolutionGuid = {BBD360C7-E5A2-4589-BDDF-F3A3DB18160A}
	EndGlobalSection
EndGlobal
